
Microsoft Visual Studio Solution File, Format Version 12.00
# Visual Studio Version 18
VisualStudioVersion = 18.3.11312.210 d18.3
MinimumVisualStudioVersion = 10.0.40219.1
Project("{FAE04EC0-301F-11D3-BF4B-00C04F79EFBC}") = "XBOL.Ticketing.Core.DTO", "XBOL.Ticketing.Core.DTO\XBOL.Ticketing.Core.DTO.csproj", "{F153F093-EE19-09F4-F738-E26B26423611}"
EndProject
Project("{FAE04EC0-301F-11D3-BF4B-00C04F79EFBC}") = "XBOL.Ticketing.Core.Commons", "XBOL.Ticketing.Core.Commons\XBOL.Ticketing.Core.Commons.csproj", "{F0144964-4852-7FA2-19AB-F4FE89D6ED38}"
EndProject
Project("{FAE04EC0-301F-11D3-BF4B-00C04F79EFBC}") = "XBOL.Ticketing.Core.Model", "XBOL.Ticketing.Core.Domain\XBOL.Ticketing.Core.Model.csproj", "{ABB2E99F-22B3-7475-64D9-B4D871A841E8}"
EndProject
Project("{FAE04EC0-301F-11D3-BF4B-00C04F79EFBC}") = "XBOL.Ticketing.Core.Mappers", "XBOL.Ticketing.Core.Mappers\XBOL.Ticketing.Core.Mappers.csproj", "{21A3A9E0-96F7-A12E-CD86-885071118B3B}"
EndProject
Project("{FAE04EC0-301F-11D3-BF4B-00C04F79EFBC}") = "XBOL.Ticketing.Data", "XBOL.Ticketing.Data\XBOL.Ticketing.Data.csproj", "{D2D6A807-DDB6-F7D4-9A9F-5E996E81F886}"
EndProject
Project("{FAE04EC0-301F-11D3-BF4B-00C04F79EFBC}") = "XBOL.Ticketing.Services", "XBOL.Ticketing.Services\XBOL.Ticketing.Services.csproj", "{C5791D41-CB12-2FF4-B4B0-AB774439624E}"
EndProject
Project("{FAE04EC0-301F-11D3-BF4B-00C04F79EFBC}") = "XBOL.Ticketing.API", "XBOL.Ticketing.API\XBOL.Ticketing.API.csproj", "{66B970AC-FEFA-498B-BAF3-C7DEFD6C6A2F}"
EndProject
Project("{2150E333-8FDC-42A3-9474-1A3956D46DE8}") = "Core", "Core", "{4CFF3B92-59C7-493A-AF33-A06215B86693}"
EndProject
Project("{2150E333-8FDC-42A3-9474-1A3956D46DE8}") = "Data", "Data", "{1C342D63-8029-4446-8F6D-49098A3C1BE0}"
EndProject
Project("{2150E333-8FDC-42A3-9474-1A3956D46DE8}") = "Service", "Service", "{5EA1376D-8F0F-4760-A7E8-4B9D2CFE9245}"
EndProject
Global
	GlobalSection(SolutionConfigurationPlatforms) = preSolution
		Debug|Any CPU = Debug|Any CPU
		Release|Any CPU = Release|Any CPU
	EndGlobalSection
	GlobalSection(ProjectConfigurationPlatforms) = postSolution
		{F153F093-EE19-09F4-F738-E26B26423611}.Debug|Any CPU.ActiveCfg = Debug|Any CPU
		{F153F093-EE19-09F4-F738-E26B26423611}.Debug|Any CPU.Build.0 = Debug|Any CPU
		{F153F093-EE19-09F4-F738-E26B26423611}.Release|Any CPU.ActiveCfg = Release|Any CPU
		{F153F093-EE19-09F4-F738-E26B26423611}.Release|Any CPU.Build.0 = Release|Any CPU
		{F0144964-4852-7FA2-19AB-F4FE89D6ED38}.Debug|Any CPU.ActiveCfg = Debug|Any CPU
		{F0144964-4852-7FA2-19AB-F4FE89D6ED38}.Debug|Any CPU.Build.0 = Debug|Any CPU
		{F0144964-4852-7FA2-19AB-F4FE89D6ED38}.Release|Any CPU.ActiveCfg = Release|Any CPU
		{F0144964-4852-7FA2-19AB-F4FE89D6ED38}.Release|Any CPU.Build.0 = Release|Any CPU
		{ABB2E99F-22B3-7475-64D9-B4D871A841E8}.Debug|Any CPU.ActiveCfg = Debug|Any CPU
		{ABB2E99F-22B3-7475-64D9-B4D871A841E8}.Debug|Any CPU.Build.0 = Debug|Any CPU
		{ABB2E99F-22B3-7475-64D9-B4D871A841E8}.Release|Any CPU.ActiveCfg = Release|Any CPU
		{ABB2E99F-22B3-7475-64D9-B4D871A841E8}.Release|Any CPU.Build.0 = Release|Any CPU
		{21A3A9E0-96F7-A12E-CD86-885071118B3B}.Debug|Any CPU.ActiveCfg = Debug|Any CPU
		{21A3A9E0-96F7-A12E-CD86-885071118B3B}.Debug|Any CPU.Build.0 = Debug|Any CPU
		{21A3A9E0-96F7-A12E-CD86-885071118B3B}.Release|Any CPU.ActiveCfg = Release|Any CPU
		{21A3A9E0-96F7-A12E-CD86-885071118B3B}.Release|Any CPU.Build.0 = Release|Any CPU
		{D2D6A807-DDB6-F7D4-9A9F-5E996E81F886}.Debug|Any CPU.ActiveCfg = Debug|Any CPU
		{D2D6A807-DDB6-F7D4-9A9F-5E996E81F886}.Debug|Any CPU.Build.0 = Debug|Any CPU
		{D2D6A807-DDB6-F7D4-9A9F-5E996E81F886}.Release|Any CPU.ActiveCfg = Release|Any CPU
		{D2D6A807-DDB6-F7D4-9A9F-5E996E81F886}.Release|Any CPU.Build.0 = Release|Any CPU
		{C5791D41-CB12-2FF4-B4B0-AB774439624E}.Debug|Any CPU.ActiveCfg = Debug|Any CPU
		{C5791D41-CB12-2FF4-B4B0-AB774439624E}.Debug|Any CPU.Build.0 = Debug|Any CPU
		{C5791D41-CB12-2FF4-B4B0-AB774439624E}.Release|Any CPU.ActiveCfg = Release|Any CPU
		{C5791D41-CB12-2FF4-B4B0-AB774439624E}.Release|Any CPU.Build.0 = Release|Any CPU
		{66B970AC-FEFA-498B-BAF3-C7DEFD6C6A2F}.Debug|Any CPU.ActiveCfg = Debug|Any CPU
		{66B970AC-FEFA-498B-BAF3-C7DEFD6C6A2F}.Debug|Any CPU.Build.0 = Debug|Any CPU
		{66B970AC-FEFA-498B-BAF3-C7DEFD6C6A2F}.Release|Any CPU.ActiveCfg = Release|Any CPU
		{66B970AC-FEFA-498B-BAF3-C7DEFD6C6A2F}.Release|Any CPU.Build.0 = Release|Any CPU
	EndGlobalSection
	GlobalSection(SolutionProperties) = preSolution
		HideSolutionNode = FALSE
	EndGlobalSection
	GlobalSection(NestedProjects) = preSolution
		{F153F093-EE19-09F4-F738-E26B26423611} = {4CFF3B92-59C7-493A-AF33-A06215B86693}
		{F0144964-4852-7FA2-19AB-F4FE89D6ED38} = {4CFF3B92-59C7-493A-AF33-A06215B86693}
		{ABB2E99F-22B3-7475-64D9-B4D871A841E8} = {4CFF3B92-59C7-493A-AF33-A06215B86693}
		{21A3A9E0-96F7-A12E-CD86-885071118B3B} = {4CFF3B92-59C7-493A-AF33-A06215B86693}
		{D2D6A807-DDB6-F7D4-9A9F-5E996E81F886} = {1C342D63-8029-4446-8F6D-49098A3C1BE0}
		{C5791D41-CB12-2FF4-B4B0-AB774439624E} = {5EA1376D-8F0F-4760-A7E8-4B9D2CFE9245}
	EndGlobalSection
	GlobalSection(ExtensibilityGlobals) = postSolution
		SolutionGuid = {6EF5E7C2-4E82-4A70-8DA5-C4AAB22ED28E}
	EndGlobalSection
EndGlobal
